
Microsoft Visual Studio Solution File, Format Version 12.00
# Visual Studio Version 16
VisualStudioVersion = 16.0.31605.320
MinimumVisualStudioVersion = 10.0.40219.1
Project("{FAE04EC0-301F-11D3-BF4B-00C04F79EFBC}") = "StormyBot", "StormyBot\StormyBot.csproj", "{70D0AEF4-CD33-477B-A4D8-A632CCE72881}"
EndProject
Global
	GlobalSection(SolutionConfigurationPlatforms) = preSolution
		Debug|Any CPU = Debug|Any CPU
		Release|Any CPU = Release|Any CPU
	EndGlobalSection
	GlobalSection(ProjectConfigurationPlatforms) = postSolution
		{70D0AEF4-CD33-477B-A4D8-A632CCE72881}.Debug|Any CPU.ActiveCfg = Debug|Any CPU
		{70D0AEF4-CD33-477B-A4D8-A632CCE72881}.Debug|Any CPU.Build.0 = Debug|Any CPU
		{70D0AEF4-CD33-477B-A4D8-A632CCE72881}.Release|Any CPU.ActiveCfg = Release|Any CPU
		{70D0AEF4-CD33-477B-A4D8-A632CCE72881}.Release|Any CPU.Build.0 = Release|Any CPU
	EndGlobalSection
	GlobalSection(SolutionProperties) = preSolution
		HideSolutionNode = FALSE
	EndGlobalSection
	GlobalSection(ExtensibilityGlobals) = postSolution
		SolutionGuid = {8698944F-6115-419C-91C1-44845A9B4CB2}
	EndGlobalSection
EndGlobal
